
Microsoft Visual Studio Solution File, Format Version 12.00
# Visual Studio 14
VisualStudioVersion = 14.0.25123.0
MinimumVisualStudioVersion = 10.0.40219.1
Project("{2150E333-8FDC-42A3-9474-1A3956D46DE8}") = "Exercise1", "Exercise1", "{E917C9D5-9A9E-4B2A-A1CF-EEFA6871AE16}"
EndProject
Project("{FAE04EC0-301F-11D3-BF4B-00C04F79EFBC}") = "ValidationEngine", "ValidationEngine\ValidationEngine.csproj", "{782028B7-0C33-4941-B687-892D9B13ACF3}"
EndProject
Project("{FAE04EC0-301F-11D3-BF4B-00C04F79EFBC}") = "ValidationEngineTests", "ValidationEngineTests\ValidationEngineTests.csproj", "{0B68EABF-7AC1-4C9F-B6DB-1639ADFFBEF7}"
EndProject
Project("{2150E333-8FDC-42A3-9474-1A3956D46DE8}") = "Exercise2", "Exercise2", "{6D80087D-3263-49F5-BAA8-E2988FE72DE8}"
EndProject
Project("{2150E333-8FDC-42A3-9474-1A3956D46DE8}") = "Exercise3", "Exercise3", "{2058FDC6-8B6A-47EE-8F97-4F124392FDE8}"
EndProject
Project("{2150E333-8FDC-42A3-9474-1A3956D46DE8}") = "Exercise4", "Exercise4", "{AE969FE7-0BAB-48AD-8FF0-7C751647A346}"
EndProject
Project("{2150E333-8FDC-42A3-9474-1A3956D46DE8}") = "Exercise5", "Exercise5", "{26909D28-F66A-4286-962A-41A2E58B4886}"
EndProject
Project("{2150E333-8FDC-42A3-9474-1A3956D46DE8}") = "TestFrånLektioner", "TestFrånLektioner", "{75F0C0F0-2DA7-4914-A55D-5D2081B7F812}"
EndProject
Project("{FAE04EC0-301F-11D3-BF4B-00C04F79EFBC}") = "Dag2", "Dag2\Dag2.csproj", "{21C01E62-5A8B-47C9-9064-41AB39D041C7}"
EndProject
Project("{2150E333-8FDC-42A3-9474-1A3956D46DE8}") = "Assertions", "Assertions", "{D3BE8EC9-7189-4889-A139-37CC34642CE8}"
EndProject
Project("{2150E333-8FDC-42A3-9474-1A3956D46DE8}") = "GemensamtProjekt", "GemensamtProjekt", "{5F82CDDD-DF49-42D9-95C3-339A4A2EC261}"
EndProject
Project("{FAE04EC0-301F-11D3-BF4B-00C04F79EFBC}") = "EmployRegistry", "EmployRegistry\EmployRegistry.csproj", "{290348FB-CDC6-4644-BE67-48BB61780E3F}"
EndProject
Project("{FAE04EC0-301F-11D3-BF4B-00C04F79EFBC}") = "EmployRegistryTest", "EmployRegistryTest\EmployRegistryTest.csproj", "{713DD5DD-2E83-41AF-ADE6-F9EA181F499A}"
EndProject
Project("{2150E333-8FDC-42A3-9474-1A3956D46DE8}") = "HannahTheHairDresser", "HannahTheHairDresser", "{0C3B0C27-605B-41D0-8A9B-CE0FA2C12748}"
EndProject
Project("{FAE04EC0-301F-11D3-BF4B-00C04F79EFBC}") = "HairDresser", "HairDresser\HairDresser.csproj", "{C140787A-637A-40AE-BD7C-E9D39084A963}"
EndProject
Project("{FAE04EC0-301F-11D3-BF4B-00C04F79EFBC}") = "HairDresserTest", "HairDresserTest\HairDresserTest.csproj", "{21C2ABF1-B160-4545-8977-087EC6DCB462}"
EndProject
Project("{FAE04EC0-301F-11D3-BF4B-00C04F79EFBC}") = "TravelAgency", "TravelAgency\TravelAgency.csproj", "{F4256E1D-6864-4680-B7AB-6D3A503B9572}"
EndProject
Project("{FAE04EC0-301F-11D3-BF4B-00C04F79EFBC}") = "TravelAgencyTest", "TravelAgencyTest\TravelAgencyTest.csproj", "{1FAA72F2-DFAF-45AA-95AE-26F8859AFE4F}"
EndProject
Project("{2150E333-8FDC-42A3-9474-1A3956D46DE8}") = "Extra Exercise", "Extra Exercise", "{F82C036F-CA0E-4A2A-B929-5C1603147F26}"
EndProject
Project("{2150E333-8FDC-42A3-9474-1A3956D46DE8}") = "DelegatesAndFuncs", "DelegatesAndFuncs", "{BEDBF40F-A032-4EEA-8F91-C6F5215E32F2}"
EndProject
Project("{FAE04EC0-301F-11D3-BF4B-00C04F79EFBC}") = "Action1", "Action1\Action1.csproj", "{615F247F-393F-4D48-823E-402B63A6358D}"
EndProject
Project("{FAE04EC0-301F-11D3-BF4B-00C04F79EFBC}") = "StringCalculator", "StringCalculator\StringCalculator.csproj", "{295658CB-13A2-4977-A632-20D5BB2D5F11}"
EndProject
Project("{FAE04EC0-301F-11D3-BF4B-00C04F79EFBC}") = "StringCalculatorTest", "StringCalculatorTest\StringCalculatorTest.csproj", "{72ECADF4-3C3B-41A0-9957-55071BADB6BC}"
EndProject
Project("{FAE04EC0-301F-11D3-BF4B-00C04F79EFBC}") = "TravelAgencyES4", "TravelAgencyES4\TravelAgencyES4.csproj", "{AFFA46FF-F243-4A01-B4B0-76FD79A31DAB}"
EndProject
Project("{FAE04EC0-301F-11D3-BF4B-00C04F79EFBC}") = "TravelAgencyES4Test", "TravelAgencyES4Test\TravelAgencyES4Test.csproj", "{4B687AD2-98E5-474A-85BF-5E7F6D4C3498}"
EndProject
Project("{FAE04EC0-301F-11D3-BF4B-00C04F79EFBC}") = "ExtraExercise3NSubstitude", "ExtraExercise3NSubstitude\ExtraExercise3NSubstitude.csproj", "{DC27174C-ECBD-429B-A255-249DE6413CDD}"
EndProject
Project("{FAE04EC0-301F-11D3-BF4B-00C04F79EFBC}") = "ExtraExercise3NSubstitudeTest", "ExtraExercise3NSubstitudeTest\ExtraExercise3NSubstitudeTest.csproj", "{B091F92F-1671-4331-9FEE-D51D5AB2854E}"
EndProject
Global
	GlobalSection(SolutionConfigurationPlatforms) = preSolution
		Debug|Any CPU = Debug|Any CPU
		Release|Any CPU = Release|Any CPU
	EndGlobalSection
	GlobalSection(ProjectConfigurationPlatforms) = postSolution
		{782028B7-0C33-4941-B687-892D9B13ACF3}.Debug|Any CPU.ActiveCfg = Debug|Any CPU
		{782028B7-0C33-4941-B687-892D9B13ACF3}.Debug|Any CPU.Build.0 = Debug|Any CPU
		{782028B7-0C33-4941-B687-892D9B13ACF3}.Release|Any CPU.ActiveCfg = Release|Any CPU
		{782028B7-0C33-4941-B687-892D9B13ACF3}.Release|Any CPU.Build.0 = Release|Any CPU
		{0B68EABF-7AC1-4C9F-B6DB-1639ADFFBEF7}.Debug|Any CPU.ActiveCfg = Debug|Any CPU
		{0B68EABF-7AC1-4C9F-B6DB-1639ADFFBEF7}.Debug|Any CPU.Build.0 = Debug|Any CPU
		{0B68EABF-7AC1-4C9F-B6DB-1639ADFFBEF7}.Release|Any CPU.ActiveCfg = Release|Any CPU
		{0B68EABF-7AC1-4C9F-B6DB-1639ADFFBEF7}.Release|Any CPU.Build.0 = Release|Any CPU
		{21C01E62-5A8B-47C9-9064-41AB39D041C7}.Debug|Any CPU.ActiveCfg = Debug|Any CPU
		{21C01E62-5A8B-47C9-9064-41AB39D041C7}.Debug|Any CPU.Build.0 = Debug|Any CPU
		{21C01E62-5A8B-47C9-9064-41AB39D041C7}.Release|Any CPU.ActiveCfg = Release|Any CPU
		{21C01E62-5A8B-47C9-9064-41AB39D041C7}.Release|Any CPU.Build.0 = Release|Any CPU
		{290348FB-CDC6-4644-BE67-48BB61780E3F}.Debug|Any CPU.ActiveCfg = Debug|Any CPU
		{290348FB-CDC6-4644-BE67-48BB61780E3F}.Debug|Any CPU.Build.0 = Debug|Any CPU
		{290348FB-CDC6-4644-BE67-48BB61780E3F}.Release|Any CPU.ActiveCfg = Release|Any CPU
		{290348FB-CDC6-4644-BE67-48BB61780E3F}.Release|Any CPU.Build.0 = Release|Any CPU
		{713DD5DD-2E83-41AF-ADE6-F9EA181F499A}.Debug|Any CPU.ActiveCfg = Debug|Any CPU
		{713DD5DD-2E83-41AF-ADE6-F9EA181F499A}.Debug|Any CPU.Build.0 = Debug|Any CPU
		{713DD5DD-2E83-41AF-ADE6-F9EA181F499A}.Release|Any CPU.ActiveCfg = Release|Any CPU
		{713DD5DD-2E83-41AF-ADE6-F9EA181F499A}.Release|Any CPU.Build.0 = Release|Any CPU
		{C140787A-637A-40AE-BD7C-E9D39084A963}.Debug|Any CPU.ActiveCfg = Debug|Any CPU
		{C140787A-637A-40AE-BD7C-E9D39084A963}.Debug|Any CPU.Build.0 = Debug|Any CPU
		{C140787A-637A-40AE-BD7C-E9D39084A963}.Release|Any CPU.ActiveCfg = Release|Any CPU
		{C140787A-637A-40AE-BD7C-E9D39084A963}.Release|Any CPU.Build.0 = Release|Any CPU
		{21C2ABF1-B160-4545-8977-087EC6DCB462}.Debug|Any CPU.ActiveCfg = Debug|Any CPU
		{21C2ABF1-B160-4545-8977-087EC6DCB462}.Debug|Any CPU.Build.0 = Debug|Any CPU
		{21C2ABF1-B160-4545-8977-087EC6DCB462}.Release|Any CPU.ActiveCfg = Release|Any CPU
		{21C2ABF1-B160-4545-8977-087EC6DCB462}.Release|Any CPU.Build.0 = Release|Any CPU
		{F4256E1D-6864-4680-B7AB-6D3A503B9572}.Debug|Any CPU.ActiveCfg = Debug|Any CPU
		{F4256E1D-6864-4680-B7AB-6D3A503B9572}.Debug|Any CPU.Build.0 = Debug|Any CPU
		{F4256E1D-6864-4680-B7AB-6D3A503B9572}.Release|Any CPU.ActiveCfg = Release|Any CPU
		{F4256E1D-6864-4680-B7AB-6D3A503B9572}.Release|Any CPU.Build.0 = Release|Any CPU
		{1FAA72F2-DFAF-45AA-95AE-26F8859AFE4F}.Debug|Any CPU.ActiveCfg = Debug|Any CPU
		{1FAA72F2-DFAF-45AA-95AE-26F8859AFE4F}.Debug|Any CPU.Build.0 = Debug|Any CPU
		{1FAA72F2-DFAF-45AA-95AE-26F8859AFE4F}.Release|Any CPU.ActiveCfg = Release|Any CPU
		{1FAA72F2-DFAF-45AA-95AE-26F8859AFE4F}.Release|Any CPU.Build.0 = Release|Any CPU
		{615F247F-393F-4D48-823E-402B63A6358D}.Debug|Any CPU.ActiveCfg = Debug|Any CPU
		{615F247F-393F-4D48-823E-402B63A6358D}.Debug|Any CPU.Build.0 = Debug|Any CPU
		{615F247F-393F-4D48-823E-402B63A6358D}.Release|Any CPU.ActiveCfg = Release|Any CPU
		{615F247F-393F-4D48-823E-402B63A6358D}.Release|Any CPU.Build.0 = Release|Any CPU
		{295658CB-13A2-4977-A632-20D5BB2D5F11}.Debug|Any CPU.ActiveCfg = Debug|Any CPU
		{295658CB-13A2-4977-A632-20D5BB2D5F11}.Debug|Any CPU.Build.0 = Debug|Any CPU
		{295658CB-13A2-4977-A632-20D5BB2D5F11}.Release|Any CPU.ActiveCfg = Release|Any CPU
		{295658CB-13A2-4977-A632-20D5BB2D5F11}.Release|Any CPU.Build.0 = Release|Any CPU
		{72ECADF4-3C3B-41A0-9957-55071BADB6BC}.Debug|Any CPU.ActiveCfg = Debug|Any CPU
		{72ECADF4-3C3B-41A0-9957-55071BADB6BC}.Debug|Any CPU.Build.0 = Debug|Any CPU
		{72ECADF4-3C3B-41A0-9957-55071BADB6BC}.Release|Any CPU.ActiveCfg = Release|Any CPU
		{72ECADF4-3C3B-41A0-9957-55071BADB6BC}.Release|Any CPU.Build.0 = Release|Any CPU
		{AFFA46FF-F243-4A01-B4B0-76FD79A31DAB}.Debug|Any CPU.ActiveCfg = Debug|Any CPU
		{AFFA46FF-F243-4A01-B4B0-76FD79A31DAB}.Debug|Any CPU.Build.0 = Debug|Any CPU
		{AFFA46FF-F243-4A01-B4B0-76FD79A31DAB}.Release|Any CPU.ActiveCfg = Release|Any CPU
		{AFFA46FF-F243-4A01-B4B0-76FD79A31DAB}.Release|Any CPU.Build.0 = Release|Any CPU
		{4B687AD2-98E5-474A-85BF-5E7F6D4C3498}.Debug|Any CPU.ActiveCfg = Debug|Any CPU
		{4B687AD2-98E5-474A-85BF-5E7F6D4C3498}.Debug|Any CPU.Build.0 = Debug|Any CPU
		{4B687AD2-98E5-474A-85BF-5E7F6D4C3498}.Release|Any CPU.ActiveCfg = Release|Any CPU
		{4B687AD2-98E5-474A-85BF-5E7F6D4C3498}.Release|Any CPU.Build.0 = Release|Any CPU
		{DC27174C-ECBD-429B-A255-249DE6413CDD}.Debug|Any CPU.ActiveCfg = Debug|Any CPU
		{DC27174C-ECBD-429B-A255-249DE6413CDD}.Debug|Any CPU.Build.0 = Debug|Any CPU
		{DC27174C-ECBD-429B-A255-249DE6413CDD}.Release|Any CPU.ActiveCfg = Release|Any CPU
		{DC27174C-ECBD-429B-A255-249DE6413CDD}.Release|Any CPU.Build.0 = Release|Any CPU
		{B091F92F-1671-4331-9FEE-D51D5AB2854E}.Debug|Any CPU.ActiveCfg = Debug|Any CPU
		{B091F92F-1671-4331-9FEE-D51D5AB2854E}.Debug|Any CPU.Build.0 = Debug|Any CPU
		{B091F92F-1671-4331-9FEE-D51D5AB2854E}.Release|Any CPU.ActiveCfg = Release|Any CPU
		{B091F92F-1671-4331-9FEE-D51D5AB2854E}.Release|Any CPU.Build.0 = Release|Any CPU
	EndGlobalSection
	GlobalSection(SolutionProperties) = preSolution
		HideSolutionNode = FALSE
	EndGlobalSection
	GlobalSection(NestedProjects) = preSolution
		{782028B7-0C33-4941-B687-892D9B13ACF3} = {E917C9D5-9A9E-4B2A-A1CF-EEFA6871AE16}
		{0B68EABF-7AC1-4C9F-B6DB-1639ADFFBEF7} = {E917C9D5-9A9E-4B2A-A1CF-EEFA6871AE16}
		{21C01E62-5A8B-47C9-9064-41AB39D041C7} = {D3BE8EC9-7189-4889-A139-37CC34642CE8}
		{D3BE8EC9-7189-4889-A139-37CC34642CE8} = {75F0C0F0-2DA7-4914-A55D-5D2081B7F812}
		{5F82CDDD-DF49-42D9-95C3-339A4A2EC261} = {75F0C0F0-2DA7-4914-A55D-5D2081B7F812}
		{290348FB-CDC6-4644-BE67-48BB61780E3F} = {5F82CDDD-DF49-42D9-95C3-339A4A2EC261}
		{713DD5DD-2E83-41AF-ADE6-F9EA181F499A} = {5F82CDDD-DF49-42D9-95C3-339A4A2EC261}
		{0C3B0C27-605B-41D0-8A9B-CE0FA2C12748} = {75F0C0F0-2DA7-4914-A55D-5D2081B7F812}
		{C140787A-637A-40AE-BD7C-E9D39084A963} = {0C3B0C27-605B-41D0-8A9B-CE0FA2C12748}
		{21C2ABF1-B160-4545-8977-087EC6DCB462} = {0C3B0C27-605B-41D0-8A9B-CE0FA2C12748}
		{F4256E1D-6864-4680-B7AB-6D3A503B9572} = {6D80087D-3263-49F5-BAA8-E2988FE72DE8}
		{1FAA72F2-DFAF-45AA-95AE-26F8859AFE4F} = {6D80087D-3263-49F5-BAA8-E2988FE72DE8}
		{BEDBF40F-A032-4EEA-8F91-C6F5215E32F2} = {F82C036F-CA0E-4A2A-B929-5C1603147F26}
		{615F247F-393F-4D48-823E-402B63A6358D} = {BEDBF40F-A032-4EEA-8F91-C6F5215E32F2}
		{295658CB-13A2-4977-A632-20D5BB2D5F11} = {2058FDC6-8B6A-47EE-8F97-4F124392FDE8}
		{72ECADF4-3C3B-41A0-9957-55071BADB6BC} = {2058FDC6-8B6A-47EE-8F97-4F124392FDE8}
		{AFFA46FF-F243-4A01-B4B0-76FD79A31DAB} = {AE969FE7-0BAB-48AD-8FF0-7C751647A346}
		{4B687AD2-98E5-474A-85BF-5E7F6D4C3498} = {AE969FE7-0BAB-48AD-8FF0-7C751647A346}
		{DC27174C-ECBD-429B-A255-249DE6413CDD} = {26909D28-F66A-4286-962A-41A2E58B4886}
		{B091F92F-1671-4331-9FEE-D51D5AB2854E} = {26909D28-F66A-4286-962A-41A2E58B4886}
	EndGlobalSection
EndGlobal
